# This file is automatically @generated by Poetry 1.6.1 and should not be changed by hand.

[[package]]
name = "mypy"
version = "1.10.1"
description = "Optional static typing for Python"
optional = false
python-versions = ">=3.8"
files = [
    {file = "mypy-1.10.1-cp310-cp310-macosx_10_9_x86_64.whl", hash = "sha256:e36f229acfe250dc660790840916eb49726c928e8ce10fbdf90715090fe4ae02"},
    {file = "mypy-1.10.1-cp310-cp310-macosx_11_0_arm64.whl", hash = "sha256:51a46974340baaa4145363b9e051812a2446cf583dfaeba124af966fa44593f7"},
    {file = "mypy-1.10.1-cp310-cp310-manylinux_2_17_x86_64.manylinux2014_x86_64.whl", hash = "sha256:901c89c2d67bba57aaaca91ccdb659aa3a312de67f23b9dfb059727cce2e2e0a"},
    {file = "mypy-1.10.1-cp310-cp310-musllinux_1_1_x86_64.whl", hash = "sha256:0cd62192a4a32b77ceb31272d9e74d23cd88c8060c34d1d3622db3267679a5d9"},
    {file = "mypy-1.10.1-cp310-cp310-win_amd64.whl", hash = "sha256:a2cbc68cb9e943ac0814c13e2452d2046c2f2b23ff0278e26599224cf164e78d"},
    {file = "mypy-1.10.1-cp311-cp311-macosx_10_9_x86_64.whl", hash = "sha256:bd6f629b67bb43dc0d9211ee98b96d8dabc97b1ad38b9b25f5e4c4d7569a0c6a"},
    {file = "mypy-1.10.1-cp311-cp311-macosx_11_0_arm64.whl", hash = "sha256:a1bbb3a6f5ff319d2b9d40b4080d46cd639abe3516d5a62c070cf0114a457d84"},
    {file = "mypy-1.10.1-cp311-cp311-manylinux_2_17_x86_64.manylinux2014_x86_64.whl", hash = "sha256:b8edd4e9bbbc9d7b79502eb9592cab808585516ae1bcc1446eb9122656c6066f"},
    {file = "mypy-1.10.1-cp311-cp311-musllinux_1_1_x86_64.whl", hash = "sha256:6166a88b15f1759f94a46fa474c7b1b05d134b1b61fca627dd7335454cc9aa6b"},
    {file = "mypy-1.10.1-cp311-cp311-win_amd64.whl", hash = "sha256:5bb9cd11c01c8606a9d0b83ffa91d0b236a0e91bc4126d9ba9ce62906ada868e"},
    {file = "mypy-1.10.1-cp312-cp312-macosx_10_9_x86_64.whl", hash = "sha256:d8681909f7b44d0b7b86e653ca152d6dff0eb5eb41694e163c6092124f8246d7"},
    {file = "mypy-1.10.1-cp312-cp312-macosx_11_0_arm64.whl", hash = "sha256:378c03f53f10bbdd55ca94e46ec3ba255279706a6aacaecac52ad248f98205d3"},
    {file = "mypy-1.10.1-cp312-cp312-manylinux_2_17_x86_64.manylinux2014_x86_64.whl", hash = "sha256:6bacf8f3a3d7d849f40ca6caea5c055122efe70e81480c8328ad29c55c69e93e"},
    {file = "mypy-1.10.1-cp312-cp312-musllinux_1_1_x86_64.whl", hash = "sha256:701b5f71413f1e9855566a34d6e9d12624e9e0a8818a5704d74d6b0402e66c04"},
    {file = "mypy-1.10.1-cp312-cp312-win_amd64.whl", hash = "sha256:3c4c2992f6ea46ff7fce0072642cfb62af7a2484efe69017ed8b095f7b39ef31"},
    {file = "mypy-1.10.1-cp38-cp38-macosx_10_9_x86_64.whl", hash = "sha256:604282c886497645ffb87b8f35a57ec773a4a2721161e709a4422c1636ddde5c"},
    {file = "mypy-1.10.1-cp38-cp38-macosx_11_0_arm64.whl", hash = "sha256:37fd87cab83f09842653f08de066ee68f1182b9b5282e4634cdb4b407266bade"},
    {file = "mypy-1.10.1-cp38-cp38-manylinux_2_17_x86_64.manylinux2014_x86_64.whl", hash = "sha256:8addf6313777dbb92e9564c5d32ec122bf2c6c39d683ea64de6a1fd98b90fe37"},
    {file = "mypy-1.10.1-cp38-cp38-musllinux_1_1_x86_64.whl", hash = "sha256:5cc3ca0a244eb9a5249c7c583ad9a7e881aa5d7b73c35652296ddcdb33b2b9c7"},
    {file = "mypy-1.10.1-cp38-cp38-win_amd64.whl", hash = "sha256:1b3a2ffce52cc4dbaeee4df762f20a2905aa171ef157b82192f2e2f368eec05d"},
    {file = "mypy-1.10.1-cp39-cp39-macosx_10_9_x86_64.whl", hash = "sha256:fe85ed6836165d52ae8b88f99527d3d1b2362e0cb90b005409b8bed90e9059b3"},
    {file = "mypy-1.10.1-cp39-cp39-macosx_11_0_arm64.whl", hash = "sha256:c2ae450d60d7d020d67ab440c6e3fae375809988119817214440033f26ddf7bf"},
    {file = "mypy-1.10.1-cp39-cp39-manylinux_2_17_x86_64.manylinux2014_x86_64.whl", hash = "sha256:6be84c06e6abd72f960ba9a71561c14137a583093ffcf9bbfaf5e613d63fa531"},
    {file = "mypy-1.10.1-cp39-cp39-musllinux_1_1_x86_64.whl", hash = "sha256:2189ff1e39db399f08205e22a797383613ce1cb0cb3b13d8bcf0170e45b96cc3"},
    {file = "mypy-1.10.1-cp39-cp39-win_amd64.whl", hash = "sha256:97a131ee36ac37ce9581f4220311247ab6cba896b4395b9c87af0675a13a755f"},
    {file = "mypy-1.10.1-py3-none-any.whl", hash = "sha256:71d8ac0b906354ebda8ef1673e5fde785936ac1f29ff6987c7483cfbd5a4235a"},
    {file = "mypy-1.10.1.tar.gz", hash = "sha256:1f8f492d7db9e3593ef42d4f115f04e556130f2819ad33ab84551403e97dd4c0"},
]

[package.dependencies]
mypy-extensions = ">=1.0.0"
tomli = {version = ">=1.1.0", markers = "python_version < \"3.11\""}
typing-extensions = ">=4.1.0"

[package.extras]
dmypy = ["psutil (>=4.0)"]
install-types = ["pip"]
mypyc = ["setuptools (>=50)"]
reports = ["lxml"]

[[package]]
name = "mypy-extensions"
version = "1.0.0"
description = "Type system extensions for programs checked with the mypy type checker."
optional = false
python-versions = ">=3.5"
files = [
    {file = "mypy_extensions-1.0.0-py3-none-any.whl", hash = "sha256:4392f6c0eb8a5668a69e23d168ffa70f0be9ccfd32b5cc2d26a34ae5b844552d"},
    {file = "mypy_extensions-1.0.0.tar.gz", hash = "sha256:75dbf8955dc00442a438fc4d0666508a9a97b6bd41aa2f0ffe9d2f2725af0782"},
]

[[package]]
name = "numpy"
version = "1.24.2"
description = "Fundamental package for array computing in Python"
optional = false
python-versions = ">=3.8"
files = [
    {file = "numpy-1.24.2-cp310-cp310-macosx_10_9_x86_64.whl", hash = "sha256:eef70b4fc1e872ebddc38cddacc87c19a3709c0e3e5d20bf3954c147b1dd941d"},
    {file = "numpy-1.24.2-cp310-cp310-macosx_11_0_arm64.whl", hash = "sha256:e8d2859428712785e8a8b7d2b3ef0a1d1565892367b32f915c4a4df44d0e64f5"},
    {file = "numpy-1.24.2-cp310-cp310-manylinux_2_17_aarch64.manylinux2014_aarch64.whl", hash = "sha256:6524630f71631be2dabe0c541e7675db82651eb998496bbe16bc4f77f0772253"},
    {file = "numpy-1.24.2-cp310-cp310-manylinux_2_17_x86_64.manylinux2014_x86_64.whl", hash = "sha256:a51725a815a6188c662fb66fb32077709a9ca38053f0274640293a14fdd22978"},
    {file = "numpy-1.24.2-cp310-cp310-win32.whl", hash = "sha256:2620e8592136e073bd12ee4536149380695fbe9ebeae845b81237f986479ffc9"},
    {file = "numpy-1.24.2-cp310-cp310-win_amd64.whl", hash = "sha256:97cf27e51fa078078c649a51d7ade3c92d9e709ba2bfb97493007103c741f1d0"},
    {file = "numpy-1.24.2-cp311-cp311-macosx_10_9_x86_64.whl", hash = "sha256:7de8fdde0003f4294655aa5d5f0a89c26b9f22c0a58790c38fae1ed392d44a5a"},
    {file = "numpy-1.24.2-cp311-cp311-macosx_11_0_arm64.whl", hash = "sha256:4173bde9fa2a005c2c6e2ea8ac1618e2ed2c1c6ec8a7657237854d42094123a0"},
    {file = "numpy-1.24.2-cp311-cp311-manylinux_2_17_aarch64.manylinux2014_aarch64.whl", hash = "sha256:4cecaed30dc14123020f77b03601559fff3e6cd0c048f8b5289f4eeabb0eb281"},
    {file = "numpy-1.24.2-cp311-cp311-manylinux_2_17_x86_64.manylinux2014_x86_64.whl", hash = "sha256:9a23f8440561a633204a67fb44617ce2a299beecf3295f0d13c495518908e910"},
    {file = "numpy-1.24.2-cp311-cp311-win32.whl", hash = "sha256:e428c4fbfa085f947b536706a2fc349245d7baa8334f0c5723c56a10595f9b95"},
    {file = "numpy-1.24.2-cp311-cp311-win_amd64.whl", hash = "sha256:557d42778a6869c2162deb40ad82612645e21d79e11c1dc62c6e82a2220ffb04"},
    {file = "numpy-1.24.2-cp38-cp38-macosx_10_9_x86_64.whl", hash = "sha256:d0a2db9d20117bf523dde15858398e7c0858aadca7c0f088ac0d6edd360e9ad2"},
    {file = "numpy-1.24.2-cp38-cp38-macosx_11_0_arm64.whl", hash = "sha256:c72a6b2f4af1adfe193f7beb91ddf708ff867a3f977ef2ec53c0ffb8283ab9f5"},
    {file = "numpy-1.24.2-cp38-cp38-manylinux_2_17_aarch64.manylinux2014_aarch64.whl", hash = "sha256:c29e6bd0ec49a44d7690ecb623a8eac5ab8a923bce0bea6293953992edf3a76a"},
    {file = "numpy-1.24.2-cp38-cp38-manylinux_2_17_x86_64.manylinux2014_x86_64.whl", hash = "sha256:2eabd64ddb96a1239791da78fa5f4e1693ae2dadc82a76bc76a14cbb2b966e96"},
    {file = "numpy-1.24.2-cp38-cp38-win32.whl", hash = "sha256:e3ab5d32784e843fc0dd3ab6dcafc67ef806e6b6828dc6af2f689be0eb4d781d"},
    {file = "numpy-1.24.2-cp38-cp38-win_amd64.whl", hash = "sha256:76807b4063f0002c8532cfeac47a3068a69561e9c8715efdad3c642eb27c0756"},
    {file = "numpy-1.24.2-cp39-cp39-macosx_10_9_x86_64.whl", hash = "sha256:4199e7cfc307a778f72d293372736223e39ec9ac096ff0a2e64853b866a8e18a"},
    {file = "numpy-1.24.2-cp39-cp39-macosx_11_0_arm64.whl", hash = "sha256:adbdce121896fd3a17a77ab0b0b5eedf05a9834a18699db6829a64e1dfccca7f"},
    {file = "numpy-1.24.2-cp39-cp39-manylinux_2_17_aarch64.manylinux2014_aarch64.whl", hash = "sha256:889b2cc88b837d86eda1b17008ebeb679d82875022200c6e8e4ce6cf549b7acb"},
    {file = "numpy-1.24.2-cp39-cp39-manylinux_2_17_x86_64.manylinux2014_x86_64.whl", hash = "sha256:f64bb98ac59b3ea3bf74b02f13836eb2e24e48e0ab0145bbda646295769bd780"},
    {file = "numpy-1.24.2-cp39-cp39-win32.whl", hash = "sha256:63e45511ee4d9d976637d11e6c9864eae50e12dc9598f531c035265991910468"},
    {file = "numpy-1.24.2-cp39-cp39-win_amd64.whl", hash = "sha256:a77d3e1163a7770164404607b7ba3967fb49b24782a6ef85d9b5f54126cc39e5"},
    {file = "numpy-1.24.2-pp38-pypy38_pp73-macosx_10_9_x86_64.whl", hash = "sha256:92011118955724465fb6853def593cf397b4a1367495e0b59a7e69d40c4eb71d"},
    {file = "numpy-1.24.2-pp38-pypy38_pp73-manylinux_2_17_x86_64.manylinux2014_x86_64.whl", hash = "sha256:f9006288bcf4895917d02583cf3411f98631275bc67cce355a7f39f8c14338fa"},
    {file = "numpy-1.24.2-pp38-pypy38_pp73-win_amd64.whl", hash = "sha256:150947adbdfeceec4e5926d956a06865c1c690f2fd902efede4ca6fe2e657c3f"},
    {file = "numpy-1.24.2.tar.gz", hash = "sha256:003a9f530e880cb2cd177cba1af7220b9aa42def9c4afc2a2fc3ee6be7eb2b22"},
]

[[package]]
name = "pygame"
version = "2.3.0"
description = "Python Game Development"
optional = false
python-versions = ">=3.6"
files = [
    {file = "pygame-2.3.0-cp310-cp310-macosx_10_9_x86_64.whl", hash = "sha256:3e9535cf1af0c6ca38d94e0b492fc41057d7bf05e9bd64d3ed3e216d336d6d11"},
    {file = "pygame-2.3.0-cp310-cp310-macosx_11_0_arm64.whl", hash = "sha256:23bd3c3a6d4e8acddee2297d609dbc5953d6ba99b0f0cc5ccc2f567889db3785"},
    {file = "pygame-2.3.0-cp310-cp310-manylinux_2_12_i686.manylinux2010_i686.whl", hash = "sha256:619eed2d97f28af9d4cdb217a5517fd6f59b873f2f1d31b4489ed852b9a175c3"},
    {file = "pygame-2.3.0-cp310-cp310-manylinux_2_12_x86_64.manylinux2010_x86_64.whl", hash = "sha256:9ccac73a8c913809ba2c1408d750abf14e45666b3c83493370441c52e99222b4"},
    {file = "pygame-2.3.0-cp310-cp310-manylinux_2_17_aarch64.manylinux2014_aarch64.whl", hash = "sha256:0ec8e691407b6c91525b2d7c8386fd6232b97d8f8c33d134ec0c0165b1d52c24"},
    {file = "pygame-2.3.0-cp310-cp310-manylinux_2_17_i686.manylinux2014_i686.whl", hash = "sha256:8308b21804d137a3b7cafbd020d2159eb5bcc18ffc9c3993b20311069c326a2c"},
    {file = "pygame-2.3.0-cp310-cp310-manylinux_2_17_x86_64.manylinux2014_x86_64.whl", hash = "sha256:a1d737db18f4c94b620613c6a047a3a1eecc0f36df7d5da4070de575930cc5f0"},
    {file = "pygame-2.3.0-cp310-cp310-win32.whl", hash = "sha256:788717d0b9a0d0828a763381e1eb6a127ceef815f9a91ff52217ed4b78df62fc"},
    {file = "pygame-2.3.0-cp310-cp310-win_amd64.whl", hash = "sha256:e3948be800b5f251a0741ec3aab3ca508dfc391095726a69af7064fa4d3e0547"},
    {file = "pygame-2.3.0-cp311-cp311-macosx_10_9_x86_64.whl", hash = "sha256:82e5806fd797bd1b27fae705683f6822ae5276ec9cda42e6e21bba61985b763a"},
    {file = "pygame-2.3.0-cp311-cp311-macosx_11_0_arm64.whl", hash = "sha256:fab0457ab07e8abb99de2b83c0a71f98bdf79afb01ff611873e4333fd8649f02"},
    {file = "pygame-2.3.0-cp311-cp311-manylinux_2_17_aarch64.manylinux2014_aarch64.whl", hash = "sha256:ad8fa7a91fa8f2a4fa46366142763675a0a11b7c34b06dfc20b1095d116da820"},
    {file = "pygame-2.3.0-cp311-cp311-manylinux_2_17_i686.manylinux2014_i686.whl", hash = "sha256:cfff49dbb7fcc2a9a88e3f25fda7f181ee4957fd89df78c47fa64c689d19b8a9"},
    {file = "pygame-2.3.0-cp311-cp311-manylinux_2_17_x86_64.manylinux2014_x86_64.whl", hash = "sha256:a5afd712bd7307d034e6940f3025c4b769656fd4cbb38fbdbd6af0f93d6c8386"},
    {file = "pygame-2.3.0-cp311-cp311-win32.whl", hash = "sha256:fa18acc2d6f0d09575802e1db11845fc0f83f9777cc385c51380125df92f3dc9"},
    {file = "pygame-2.3.0-cp311-cp311-win_amd64.whl", hash = "sha256:101c57141d705ca1930377c324d2c7acd3099f1b4ac676981bdf5d5b329842c8"},
    {file = "pygame-2.3.0-cp36-cp36m-macosx_10_9_x86_64.whl", hash = "sha256:17730a2ed1001e5876745702c92906ad31ecedc13825efba56a0cba92e273b7a"},
    {file = "pygame-2.3.0-cp36-cp36m-manylinux_2_12_i686.manylinux2010_i686.whl", hash = "sha256:4b334f6dd6c1412dd4b161a8562b7a422db957f67b7eb93e927606e2dd435882"},
    {file = "pygame-2.3.0-cp36-cp36m-manylinux_2_12_x86_64.manylinux2010_x86_64.whl", hash = "sha256:4db1b103025fd4b451dfa409c0da16d2ff31714ae82bdf45b1434863cd69370b"},
    {file = "pygame-2.3.0-cp36-cp36m-manylinux_2_17_aarch64.manylinux2014_aarch64.whl", hash = "sha256:d339f90cc30de4b013670de84abd46de4be602d5c52bbe4e569fa15d17b204ca"},
    {file = "pygame-2.3.0-cp36-cp36m-manylinux_2_17_i686.manylinux2014_i686.whl", hash = "sha256:a7390815dad55a2db9f8daac6f2c2e593801daea2d674433a72b91ea1caee0d3"},
    {file = "pygame-2.3.0-cp36-cp36m-manylinux_2_17_x86_64.manylinux2014_x86_64.whl", hash = "sha256:59a1e473c627acf369b30bb52fb5f39d1f68f8c204aa857578b72f07a23c952b"},
    {file = "pygame-2.3.0-cp36-cp36m-manylinux_2_5_i686.manylinux1_i686.whl", hash = "sha256:228514c0d034c840b8ee6bf99185df34ac15e6a6a99684b8a3900124417c8d8f"},
    {file = "pygame-2.3.0-cp36-cp36m-manylinux_2_5_x86_64.manylinux1_x86_64.whl", hash = "sha256:a8b315203925724f89a81a741682589ba1c36ec858d98e6accb7501ece9e99a3"},
    {file = "pygame-2.3.0-cp36-cp36m-win32.whl", hash = "sha256:38642c6cc6477db6ebddd52be39bad0a9e19cf097f83feaaf8e7573b9a9d2405"},
    {file = "pygame-2.3.0-cp36-cp36m-win_amd64.whl", hash = "sha256:525e11a2b9182ec84d690634016009e382ab8b488593c3f150a0b8aae28aa165"},
    {file = "pygame-2.3.0-cp37-cp37m-macosx_10_9_x86_64.whl", hash = "sha256:32bdf1d5d9e0763779d0b915d4617253949a6c118c4c6b5ae1a77cf1df964e4c"},
    {file = "pygame-2.3.0-cp37-cp37m-manylinux_2_12_i686.manylinux2010_i686.whl", hash = "sha256:f57b1ee40387e43ab5c3cf20437283477b5ef52ead4bb1d9bff254ef9ee70623"},
    {file = "pygame-2.3.0-cp37-cp37m-manylinux_2_12_x86_64.manylinux2010_x86_64.whl", hash = "sha256:6ccde93b51d2393216f98e8f81cf5cc628513d837c89dcf5b588f52031659c09"},
    {file = "pygame-2.3.0-cp37-cp37m-manylinux_2_17_aarch64.manylinux2014_aarch64.whl", hash = "sha256:c60be419d7cca1222895dfe9d520628b7346015208382a19fa678356a22664b3"},
    {file = "pygame-2.3.0-cp37-cp37m-manylinux_2_17_i686.manylinux2014_i686.whl", hash = "sha256:43f238229b3a9e5692ba5a31638f1c148257b37a49ef21f03b23b34d7f00b2d9"},
    {file = "pygame-2.3.0-cp37-cp37m-manylinux_2_17_x86_64.manylinux2014_x86_64.whl", hash = "sha256:d628637d4f0c55613f258b84eef932faf89e683aa842f4fd483a676f44a38606"},
    {file = "pygame-2.3.0-cp37-cp37m-manylinux_2_5_i686.manylinux1_i686.whl", hash = "sha256:35f5a9cc7a9a2ea3d048e418e79f30e1506cb47015939330903026c636761aab"},
    {file = "pygame-2.3.0-cp37-cp37m-manylinux_2_5_x86_64.manylinux1_x86_64.whl", hash = "sha256:703d5def9d4dbe9c358f63151bee4a55e328dd7737e692f52522bc44be7c7c8c"},
    {file = "pygame-2.3.0-cp37-cp37m-win32.whl", hash = "sha256:53e9418c457fa549294feee7947bc0b24b048b4eba133f0e757dd2348d15af3b"},
    {file = "pygame-2.3.0-cp37-cp37m-win_amd64.whl", hash = "sha256:0a664cd6c50870f6749c389a8844318afc8a2d02f8cb7b05d67930fdf99252bd"},
    {file = "pygame-2.3.0-cp38-cp38-macosx_10_9_x86_64.whl", hash = "sha256:bf236758429d9b9cdadd1fcf40901588818ee440178b932409c40157ab41e902"},
    {file = "pygame-2.3.0-cp38-cp38-macosx_11_0_arm64.whl", hash = "sha256:3d035ba196c258876a87451fa7de65b62c087d7016e51000e8d95bc67c8584f7"},
    {file = "pygame-2.3.0-cp38-cp38-manylinux_2_12_i686.manylinux2010_i686.whl", hash = "sha256:57180b3aabbe17d8017aa724887019943d96ea69810f4315f5c1b7d4f64861f9"},
    {file = "pygame-2.3.0-cp38-cp38-manylinux_2_12_x86_64.manylinux2010_x86_64.whl", hash = "sha256:246f75f67d2ad4c2dad21b1f35c6092d67c4c0db13b2fa0a42d794e6e2794f47"},
    {file = "pygame-2.3.0-cp38-cp38-manylinux_2_17_aarch64.manylinux2014_aarch64.whl", hash = "sha256:033352321cc49d60fdc3c3ae4b3e10ecb6614846fb2eb3453c729aba48a2874d"},
    {file = "pygame-2.3.0-cp38-cp38-manylinux_2_17_i686.manylinux2014_i686.whl", hash = "sha256:3ee86606c6c7f61176ed24b427fa230fe4fc9f552aa555b8db21ddb608b4ce88"},
    {file = "pygame-2.3.0-cp38-cp38-manylinux_2_17_x86_64.manylinux2014_x86_64.whl", hash = "sha256:d949e93fbdaf5b43f69a484639104c07028f93686c8305afb0d8e382fde8ff5d"},
    {file = "pygame-2.3.0-cp38-cp38-manylinux_2_5_i686.manylinux1_i686.whl", hash = "sha256:f2acf958513bd1612960ec68aa5e388262218f7365db59e54e1ee68a55bc544b"},
    {file = "pygame-2.3.0-cp38-cp38-manylinux_2_5_x86_64.manylinux1_x86_64.whl", hash = "sha256:6c5d33355dfb66382bcac1fcf3db64ba71bc9e97082db3ae45a7a0d335e73268"},
    {file = "pygame-2.3.0-cp38-cp38-win32.whl", hash = "sha256:1eda9f30d376d4205e8204e542ab1348dcbb31755c8ba38772e48a3b2f91b2fc"},
    {file = "pygame-2.3.0-cp38-cp38-win_amd64.whl", hash = "sha256:b507df9ea606a87c29e5028b8de9f35066a15f6a5d7f3e5b47b3719e9403f924"},
    {file = "pygame-2.3.0-cp39-cp39-macosx_10_9_x86_64.whl", hash = "sha256:25c1b1819211aaa0f98264e6b670a496a9975079d5ae2dffd304b0aca6b1aa3c"},
    {file = "pygame-2.3.0-cp39-cp39-macosx_11_0_arm64.whl", hash = "sha256:e516bc6bba5455817bbb0038f4c44d1914aac13c7f7954dee9213c9ae28bd9ac"},
    {file = "pygame-2.3.0-cp39-cp39-manylinux_2_12_i686.manylinux2010_i686.whl", hash = "sha256:740b9f311c693b00d86a89cc6846afc1d1e013b006975eb8be0b18d5481c5b32"},
    {file = "pygame-2.3.0-cp39-cp39-manylinux_2_12_x86_64.manylinux2010_x86_64.whl", hash = "sha256:932034e1738873a55c4e2eb83b6e8c03f9a55feaa6a04a7da7b1e0e5a5050b4a"},
    {file = "pygame-2.3.0-cp39-cp39-manylinux_2_17_aarch64.manylinux2014_aarch64.whl", hash = "sha256:774233845099d632de676ad4d4dd08ba27ebce5bfa550b1dc9f6cce145e21c35"},
    {file = "pygame-2.3.0-cp39-cp39-manylinux_2_17_i686.manylinux2014_i686.whl", hash = "sha256:4f79a3c5e7f24474d6e722d597ee03d2b0d17958c77d4307787147cf339b4ad9"},
    {file = "pygame-2.3.0-cp39-cp39-manylinux_2_17_x86_64.manylinux2014_x86_64.whl", hash = "sha256:84fad9538012f1d6b298dcf690c4336e0317fe97ac10993b4d847ff547e919dd"},
    {file = "pygame-2.3.0-cp39-cp39-manylinux_2_5_i686.manylinux1_i686.whl", hash = "sha256:910678441d02c3b55ac59fcbc4220a824b094407de084734b5d84e0900d6448b"},
    {file = "pygame-2.3.0-cp39-cp39-manylinux_2_5_x86_64.manylinux1_x86_64.whl", hash = "sha256:653ec5102b9cb13a24e26663a81d7810790e56b88113b90aa5fdca681c01a5b9"},
    {file = "pygame-2.3.0-cp39-cp39-win32.whl", hash = "sha256:e62607c86e02d29ba5cb00837f73b1dce7b325a1f1f6d93150a0f96fa68da1a1"},
    {file = "pygame-2.3.0-cp39-cp39-win_amd64.whl", hash = "sha256:90931a210325274184860d898df4e87a0972654edbb2a6185afcdce32244dfb6"},
    {file = "pygame-2.3.0-pp36-pypy36_pp73-win32.whl", hash = "sha256:1dc89d825e0ccba5ba3605abbd83be1401e0a32de7ab64b9647a6bb1ecb0a4f7"},
    {file = "pygame-2.3.0-pp37-pypy37_pp73-manylinux_2_17_i686.manylinux2014_i686.whl", hash = "sha256:e323b75abda43345aff5ab2f6b1c017135f937f8a114d7aac8d95a07d200e19f"},
    {file = "pygame-2.3.0-pp37-pypy37_pp73-manylinux_2_17_x86_64.manylinux2014_x86_64.whl", hash = "sha256:e13de2947c496fcb600fa4b5cd00a5fa33d4b3af9d13c169a5f79268268de0a8"},
    {file = "pygame-2.3.0-pp38-pypy38_pp73-macosx_10_9_x86_64.whl", hash = "sha256:555234ed6b08242af95406fd3eb43255c3ce8e915e8c751f2d411bd40d574df4"},
    {file = "pygame-2.3.0-pp38-pypy38_pp73-manylinux_2_17_i686.manylinux2014_i686.whl", hash = "sha256:858d3968aebaca5015ef0ec82c513114a3c3fe64ce910222cfa852a39f03b135"},
    {file = "pygame-2.3.0-pp38-pypy38_pp73-manylinux_2_17_x86_64.manylinux2014_x86_64.whl", hash = "sha256:250b3ec3f90b05ad50cb0070d994a0a1f39fffe8181fc9508b8749884c313431"},
    {file = "pygame-2.3.0-pp39-pypy39_pp73-macosx_10_9_x86_64.whl", hash = "sha256:a5e83bd89da26f8360e02d5de2d2575981b0ebad81ea6d48aba610dabf167b88"},
    {file = "pygame-2.3.0-pp39-pypy39_pp73-manylinux_2_17_i686.manylinux2014_i686.whl", hash = "sha256:c2961d44593aaa99580971e4123db00d4ca72fb4b30fa56350b3f6792331a41e"},
    {file = "pygame-2.3.0-pp39-pypy39_pp73-manylinux_2_17_x86_64.manylinux2014_x86_64.whl", hash = "sha256:385163fd1ed8809a72be68fddc9c76876c304e8712695aff2ea49adf3831caf9"},
    {file = "pygame-2.3.0.tar.gz", hash = "sha256:884b92c9cbf0bfaf8b8dd0f75a746613c55447d307ddd1addf903709b3b9f89f"},
]

[[package]]
name = "shapely"
version = "2.0.1"
description = "Manipulation and analysis of geometric objects"
optional = false
python-versions = ">=3.7"
files = [
    {file = "shapely-2.0.1-cp310-cp310-macosx_10_9_universal2.whl", hash = "sha256:b06d031bc64149e340448fea25eee01360a58936c89985cf584134171e05863f"},
    {file = "shapely-2.0.1-cp310-cp310-macosx_10_9_x86_64.whl", hash = "sha256:9a6ac34c16f4d5d3c174c76c9d7614ec8fe735f8f82b6cc97a46b54f386a86bf"},
    {file = "shapely-2.0.1-cp310-cp310-macosx_11_0_arm64.whl", hash = "sha256:865bc3d7cc0ea63189d11a0b1120d1307ed7a64720a8bfa5be2fde5fc6d0d33f"},
    {file = "shapely-2.0.1-cp310-cp310-manylinux_2_17_aarch64.manylinux2014_aarch64.whl", hash = "sha256:45b4833235b90bc87ee26c6537438fa77559d994d2d3be5190dd2e54d31b2820"},
    {file = "shapely-2.0.1-cp310-cp310-manylinux_2_17_x86_64.manylinux2014_x86_64.whl", hash = "sha256:ce88ec79df55430e37178a191ad8df45cae90b0f6972d46d867bf6ebbb58cc4d"},
    {file = "shapely-2.0.1-cp310-cp310-win32.whl", hash = "sha256:01224899ff692a62929ef1a3f5fe389043e262698a708ab7569f43a99a48ae82"},
    {file = "shapely-2.0.1-cp310-cp310-win_amd64.whl", hash = "sha256:da71de5bf552d83dcc21b78cc0020e86f8d0feea43e202110973987ffa781c21"},
    {file = "shapely-2.0.1-cp311-cp311-macosx_10_9_universal2.whl", hash = "sha256:502e0a607f1dcc6dee0125aeee886379be5242c854500ea5fd2e7ac076b9ce6d"},
    {file = "shapely-2.0.1-cp311-cp311-macosx_10_9_x86_64.whl", hash = "sha256:7d3bbeefd8a6a1a1017265d2d36f8ff2d79d0162d8c141aa0d37a87063525656"},
    {file = "shapely-2.0.1-cp311-cp311-macosx_11_0_arm64.whl", hash = "sha256:f470a130d6ddb05b810fc1776d918659407f8d025b7f56d2742a596b6dffa6c7"},
    {file = "shapely-2.0.1-cp311-cp311-manylinux_2_17_aarch64.manylinux2014_aarch64.whl", hash = "sha256:4641325e065fd3e07d55677849c9ddfd0cf3ee98f96475126942e746d55b17c8"},
    {file = "shapely-2.0.1-cp311-cp311-manylinux_2_17_i686.manylinux2014_i686.whl", hash = "sha256:90cfa4144ff189a3c3de62e2f3669283c98fb760cfa2e82ff70df40f11cadb39"},
    {file = "shapely-2.0.1-cp311-cp311-manylinux_2_17_x86_64.manylinux2014_x86_64.whl", hash = "sha256:70a18fc7d6418e5aea76ac55dce33f98e75bd413c6eb39cfed6a1ba36469d7d4"},
    {file = "shapely-2.0.1-cp311-cp311-win32.whl", hash = "sha256:09d6c7763b1bee0d0a2b84bb32a4c25c6359ad1ac582a62d8b211e89de986154"},
    {file = "shapely-2.0.1-cp311-cp311-win_amd64.whl", hash = "sha256:d8f55f355be7821dade839df785a49dc9f16d1af363134d07eb11e9207e0b189"},
    {file = "shapely-2.0.1-cp37-cp37m-macosx_10_9_x86_64.whl", hash = "sha256:83a8ec0ee0192b6e3feee9f6a499d1377e9c295af74d7f81ecba5a42a6b195b7"},
    {file = "shapely-2.0.1-cp37-cp37m-manylinux_2_17_aarch64.manylinux2014_aarch64.whl", hash = "sha256:a529218e72a3dbdc83676198e610485fdfa31178f4be5b519a8ae12ea688db14"},
    {file = "shapely-2.0.1-cp37-cp37m-manylinux_2_17_i686.manylinux2014_i686.whl", hash = "sha256:91575d97fd67391b85686573d758896ed2fc7476321c9d2e2b0c398b628b961c"},
    {file = "shapely-2.0.1-cp37-cp37m-manylinux_2_17_x86_64.manylinux2014_x86_64.whl", hash = "sha256:c8b0d834b11be97d5ab2b4dceada20ae8e07bcccbc0f55d71df6729965f406ad"},
    {file = "shapely-2.0.1-cp37-cp37m-win32.whl", hash = "sha256:b4f0711cc83734c6fad94fc8d4ec30f3d52c1787b17d9dca261dc841d4731c64"},
    {file = "shapely-2.0.1-cp37-cp37m-win_amd64.whl", hash = "sha256:05c51a29336e604c084fb43ae5dbbfa2c0ef9bd6fedeae0a0d02c7b57a56ba46"},
    {file = "shapely-2.0.1-cp38-cp38-macosx_10_9_universal2.whl", hash = "sha256:b519cf3726ddb6c67f6a951d1bb1d29691111eaa67ea19ddca4d454fbe35949c"},
    {file = "shapely-2.0.1-cp38-cp38-macosx_10_9_x86_64.whl", hash = "sha256:193a398d81c97a62fc3634a1a33798a58fd1dcf4aead254d080b273efbb7e3ff"},
    {file = "shapely-2.0.1-cp38-cp38-macosx_11_0_arm64.whl", hash = "sha256:e55698e0ed95a70fe9ff9a23c763acfe0bf335b02df12142f74e4543095e9a9b"},
    {file = "shapely-2.0.1-cp38-cp38-manylinux_2_17_aarch64.manylinux2014_aarch64.whl", hash = "sha256:f32a748703e7bf6e92dfa3d2936b2fbfe76f8ce5f756e24f49ef72d17d26ad02"},
    {file = "shapely-2.0.1-cp38-cp38-manylinux_2_17_i686.manylinux2014_i686.whl", hash = "sha256:1a34a23d6266ca162499e4a22b79159dc0052f4973d16f16f990baa4d29e58b6"},
    {file = "shapely-2.0.1-cp38-cp38-manylinux_2_17_x86_64.manylinux2014_x86_64.whl", hash = "sha256:d173d24e85e51510e658fb108513d5bc11e3fd2820db6b1bd0522266ddd11f51"},
    {file = "shapely-2.0.1-cp38-cp38-win32.whl", hash = "sha256:3cb256ae0c01b17f7bc68ee2ffdd45aebf42af8992484ea55c29a6151abe4386"},
    {file = "shapely-2.0.1-cp38-cp38-win_amd64.whl", hash = "sha256:c7eed1fb3008a8a4a56425334b7eb82651a51f9e9a9c2f72844a2fb394f38a6c"},
    {file = "shapely-2.0.1-cp39-cp39-macosx_10_9_universal2.whl", hash = "sha256:ac1dfc397475d1de485e76de0c3c91cc9d79bd39012a84bb0f5e8a199fc17bef"},
    {file = "shapely-2.0.1-cp39-cp39-macosx_10_9_x86_64.whl", hash = "sha256:33403b8896e1d98aaa3a52110d828b18985d740cc9f34f198922018b1e0f8afe"},
    {file = "shapely-2.0.1-cp39-cp39-macosx_11_0_arm64.whl", hash = "sha256:2569a4b91caeef54dd5ae9091ae6f63526d8ca0b376b5bb9fd1a3195d047d7d4"},
    {file = "shapely-2.0.1-cp39-cp39-manylinux_2_17_aarch64.manylinux2014_aarch64.whl", hash = "sha256:a70a614791ff65f5e283feed747e1cc3d9e6c6ba91556e640636bbb0a1e32a71"},
    {file = "shapely-2.0.1-cp39-cp39-manylinux_2_17_i686.manylinux2014_i686.whl", hash = "sha256:c43755d2c46b75a7b74ac6226d2cc9fa2a76c3263c5ae70c195c6fb4e7b08e79"},
    {file = "shapely-2.0.1-cp39-cp39-manylinux_2_17_x86_64.manylinux2014_x86_64.whl", hash = "sha256:3ad81f292fffbd568ae71828e6c387da7eb5384a79db9b4fde14dd9fdeffca9a"},
    {file = "shapely-2.0.1-cp39-cp39-win32.whl", hash = "sha256:b50c401b64883e61556a90b89948297f1714dbac29243d17ed9284a47e6dd731"},
    {file = "shapely-2.0.1-cp39-cp39-win_amd64.whl", hash = "sha256:bca57b683e3d94d0919e2f31e4d70fdfbb7059650ef1b431d9f4e045690edcd5"},
    {file = "shapely-2.0.1.tar.gz", hash = "sha256:66a6b1a3e72ece97fc85536a281476f9b7794de2e646ca8a4517e2e3c1446893"},
]

[package.dependencies]
numpy = ">=1.14"

[package.extras]
docs = ["matplotlib", "numpydoc (==1.1.*)", "sphinx", "sphinx-book-theme", "sphinx-remove-toctrees"]
test = ["pytest", "pytest-cov"]

[[package]]
name = "shortuuid"
version = "1.0.11"
description = "A generator library for concise, unambiguous and URL-safe UUIDs."
optional = false
python-versions = ">=3.5"
files = [
    {file = "shortuuid-1.0.11-py3-none-any.whl", hash = "sha256:27ea8f28b1bd0bf8f15057a3ece57275d2059d2b0bb02854f02189962c13b6aa"},
    {file = "shortuuid-1.0.11.tar.gz", hash = "sha256:fc75f2615914815a8e4cb1501b3a513745cb66ef0fd5fc6fb9f8c3fa3481f789"},
]

[[package]]
name = "tomli"
version = "2.0.1"
description = "A lil' TOML parser"
optional = false
python-versions = ">=3.7"
files = [
    {file = "tomli-2.0.1-py3-none-any.whl", hash = "sha256:939de3e7a6161af0c887ef91b7d41a53e7c5a1ca976325f429cb46ea9bc30ecc"},
    {file = "tomli-2.0.1.tar.gz", hash = "sha256:de526c12914f0c550d15924c62d72abc48d6fe7364aa87328337a31007fe8a4f"},
]

[[package]]
name = "typing-extensions"
version = "4.12.2"
description = "Backported and Experimental Type Hints for Python 3.8+"
optional = false
python-versions = ">=3.8"
files = [
    {file = "typing_extensions-4.12.2-py3-none-any.whl", hash = "sha256:04e5ca0351e0f3f85c6853954072df659d0d13fac324d0072316b67d7794700d"},
    {file = "typing_extensions-4.12.2.tar.gz", hash = "sha256:1a7ead55c7e559dd4dee8856e3a88b41225abfe1ce8df57b7c13915fe121ffb8"},
]

[metadata]
lock-version = "2.0"
python-versions = "^3.10"
content-hash = "fc8637bf29dcc57ea2739b7e934b2384578de15c476fd7b6ee4daa8113c27e58"
